// !$*UTF8*$!
{
	archiveVersion = 1;
	classes = {
	};
	objectVersion = 56;
	objects = {

/* Begin PBXBuildFile section */
		5DEE23FE2980CC0500E4BB46 /* CityReportsApp.swift in Sources */ = {isa = PBXBuildFile; fileRef = 5DEE23FD2980CC0500E4BB46 /* CityReportsApp.swift */; };
		5DEE24002980CC0500E4BB46 /* ContentView.swift in Sources */ = {isa = PBXBuildFile; fileRef = 5DEE23FF2980CC0500E4BB46 /* ContentView.swift */; };
		5DEE24022980CC0600E4BB46 /* Assets.xcassets in Resources */ = {isa = PBXBuildFile; fileRef = 5DEE24012980CC0600E4BB46 /* Assets.xcassets */; };
		5DEE24052980CC0600E4BB46 /* Preview Assets.xcassets in Resources */ = {isa = PBXBuildFile; fileRef = 5DEE24042980CC0600E4BB46 /* Preview Assets.xcassets */; };
		5DEE240F2980CC0600E4BB46 /* CityReportsTests.swift in Sources */ = {isa = PBXBuildFile; fileRef = 5DEE240E2980CC0600E4BB46 /* CityReportsTests.swift */; };
		5DEE24192980CC0600E4BB46 /* CityReportsUITests.swift in Sources */ = {isa = PBXBuildFile; fileRef = 5DEE24182980CC0600E4BB46 /* CityReportsUITests.swift */; };
		5DEE241B2980CC0600E4BB46 /* CityReportsUITestsLaunchTests.swift in Sources */ = {isa = PBXBuildFile; fileRef = 5DEE241A2980CC0600E4BB46 /* CityReportsUITestsLaunchTests.swift */; };
/* End PBXBuildFile section */

/* Begin PBXContainerItemProxy section */
		5DEE240B2980CC0600E4BB46 /* PBXContainerItemProxy */ = {
			isa = PBXContainerItemProxy;
			containerPortal = 5DEE23F22980CC0500E4BB46 /* Project object */;
			proxyType = 1;
			remoteGlobalIDString = 5DEE23F92980CC0500E4BB46;
			remoteInfo = CityReports;
		};
		5DEE24152980CC0600E4BB46 /* PBXContainerItemProxy */ = {
			isa = PBXContainerItemProxy;
			containerPortal = 5DEE23F22980CC0500E4BB46 /* Project object */;
			proxyType = 1;
			remoteGlobalIDString = 5DEE23F92980CC0500E4BB46;
			remoteInfo = CityReports;
		};
/* End PBXContainerItemProxy section */

/* Begin PBXFileReference section */
		5DEE23FA2980CC0500E4BB46 /* CityReports.app */ = {isa = PBXFileReference; explicitFileType = wrapper.application; includeInIndex = 0; path = CityReports.app; sourceTree = BUILT_PRODUCTS_DIR; };
		5DEE23FD2980CC0500E4BB46 /* CityReportsApp.swift */ = {isa = PBXFileReference; lastKnownFileType = sourcecode.swift; path = CityReportsApp.swift; sourceTree = "<group>"; };
		5DEE23FF2980CC0500E4BB46 /* ContentView.swift */ = {isa = PBXFileReference; lastKnownFileType = sourcecode.swift; path = ContentView.swift; sourceTree = "<group>"; };
		5DEE24012980CC0600E4BB46 /* Assets.xcassets */ = {isa = PBXFileReference; lastKnownFileType = folder.assetcatalog; path = Assets.xcassets; sourceTree = "<group>"; };
		5DEE24042980CC0600E4BB46 /* Preview Assets.xcassets */ = {isa = PBXFileReference; lastKnownFileType = folder.assetcatalog; path = "Preview Assets.xcassets"; sourceTree = "<group>"; };
		5DEE240A2980CC0600E4BB46 /* CityReportsTests.xctest */ = {isa = PBXFileReference; explicitFileType = wrapper.cfbundle; includeInIndex = 0; path = CityReportsTests.xctest; sourceTree = BUILT_PRODUCTS_DIR; };
		5DEE240E2980CC0600E4BB46 /* CityReportsTests.swift */ = {isa = PBXFileReference; lastKnownFileType = sourcecode.swift; path = CityReportsTests.swift; sourceTree = "<group>"; };
		5DEE24142980CC0600E4BB46 /* CityReportsUITests.xctest */ = {isa = PBXFileReference; explicitFileType = wrapper.cfbundle; includeInIndex = 0; path = CityReportsUITests.xctest; sourceTree = BUILT_PRODUCTS_DIR; };
		5DEE24182980CC0600E4BB46 /* CityReportsUITests.swift */ = {isa = PBXFileReference; lastKnownFileType = sourcecode.swift; path = CityReportsUITests.swift; sourceTree = "<group>"; };
		5DEE241A2980CC0600E4BB46 /* CityReportsUITestsLaunchTests.swift */ = {isa = PBXFileReference; lastKnownFileType = sourcecode.swift; path = CityReportsUITestsLaunchTests.swift; sourceTree = "<group>"; };
/* End PBXFileReference section */

/* Begin PBXFrameworksBuildPhase section */
		5DEE23F72980CC0500E4BB46 /* Frameworks */ = {
			isa = PBXFrameworksBuildPhase;
			buildActionMask = 2147483647;
			files = (
			);
			runOnlyForDeploymentPostprocessing = 0;
		};
		5DEE24072980CC0600E4BB46 /* Frameworks */ = {
			isa = PBXFrameworksBuildPhase;
			buildActionMask = 2147483647;
			files = (
			);
			runOnlyForDeploymentPostprocessing = 0;
		};
		5DEE24112980CC0600E4BB46 /* Frameworks */ = {
			isa = PBXFrameworksBuildPhase;
			buildActionMask = 2147483647;
			files = (
			);
			runOnlyForDeploymentPostprocessing = 0;
		};
/* End PBXFrameworksBuildPhase section */

/* Begin PBXGroup section */
		5DEE23F12980CC0500E4BB46 = {
			isa = PBXGroup;
			children = (
				5DEE23FC2980CC0500E4BB46 /* CityReports */,
				5DEE240D2980CC0600E4BB46 /* CityReportsTests */,
				5DEE24172980CC0600E4BB46 /* CityReportsUITests */,
				5DEE23FB2980CC0500E4BB46 /* Products */,
			);
			sourceTree = "<group>";
		};
		5DEE23FB2980CC0500E4BB46 /* Products */ = {
			isa = PBXGroup;
			children = (
				5DEE23FA2980CC0500E4BB46 /* CityReports.app */,
				5DEE240A2980CC0600E4BB46 /* CityReportsTests.xctest */,
				5DEE24142980CC0600E4BB46 /* CityReportsUITests.xctest */,
			);
			name = Products;
			sourceTree = "<group>";
		};
		5DEE23FC2980CC0500E4BB46 /* CityReports */ = {
			isa = PBXGroup;
			children = (
				5DEE23FD2980CC0500E4BB46 /* CityReportsApp.swift */,
				5DEE23FF2980CC0500E4BB46 /* ContentView.swift */,
				5DEE24012980CC0600E4BB46 /* Assets.xcassets */,
				5DEE24032980CC0600E4BB46 /* Preview Content */,
			);
			path = CityReports;
			sourceTree = "<group>";
		};
		5DEE24032980CC0600E4BB46 /* Preview Content */ = {
			isa = PBXGroup;
			children = (
				5DEE24042980CC0600E4BB46 /* Preview Assets.xcassets */,
			);
			path = "Preview Content";
			sourceTree = "<group>";
		};
		5DEE240D2980CC0600E4BB46 /* CityReportsTests */ = {
			isa = PBXGroup;
			children = (
				5DEE240E2980CC0600E4BB46 /* CityReportsTests.swift */,
			);
			path = CityReportsTests;
			sourceTree = "<group>";
		};
		5DEE24172980CC0600E4BB46 /* CityReportsUITests */ = {
			isa = PBXGroup;
			children = (
				5DEE24182980CC0600E4BB46 /* CityReportsUITests.swift */,
				5DEE241A2980CC0600E4BB46 /* CityReportsUITestsLaunchTests.swift */,
			);
			path = CityReportsUITests;
			sourceTree = "<group>";
		};
/* End PBXGroup section */

/* Begin PBXNativeTarget section */
		5DEE23F92980CC0500E4BB46 /* CityReports */ = {
			isa = PBXNativeTarget;
			buildConfigurationList = 5DEE241E2980CC0600E4BB46 /* Build configuration list for PBXNativeTarget "CityReports" */;
			buildPhases = (
				5DEE23F62980CC0500E4BB46 /* Sources */,
				5DEE23F72980CC0500E4BB46 /* Frameworks */,
				5DEE23F82980CC0500E4BB46 /* Resources */,
			);
			buildRules = (
			);
			dependencies = (
			);
			name = CityReports;
			productName = CityReports;
			productReference = 5DEE23FA2980CC0500E4BB46 /* CityReports.app */;
			productType = "com.apple.product-type.application";
		};
		5DEE24092980CC0600E4BB46 /* CityReportsTests */ = {
			isa = PBXNativeTarget;
			buildConfigurationList = 5DEE24212980CC0600E4BB46 /* Build configuration list for PBXNativeTarget "CityReportsTests" */;
			buildPhases = (
				5DEE24062980CC0600E4BB46 /* Sources */,
				5DEE24072980CC0600E4BB46 /* Frameworks */,
				5DEE24082980CC0600E4BB46 /* Resources */,
			);
			buildRules = (
			);
			dependencies = (
				5DEE240C2980CC0600E4BB46 /* PBXTargetDependency */,
			);
			name = CityReportsTests;
			productName = CityReportsTests;
			productReference = 5DEE240A2980CC0600E4BB46 /* CityReportsTests.xctest */;
			productType = "com.apple.product-type.bundle.unit-test";
		};
		5DEE24132980CC0600E4BB46 /* CityReportsUITests */ = {
			isa = PBXNativeTarget;
			buildConfigurationList = 5DEE24242980CC0600E4BB46 /* Build configuration list for PBXNativeTarget "CityReportsUITests" */;
			buildPhases = (
				5DEE24102980CC0600E4BB46 /* Sources */,
				5DEE24112980CC0600E4BB46 /* Frameworks */,
				5DEE24122980CC0600E4BB46 /* Resources */,
			);
			buildRules = (
			);
			dependencies = (
				5DEE24162980CC0600E4BB46 /* PBXTargetDependency */,
			);
			name = CityReportsUITests;
			productName = CityReportsUITests;
			productReference = 5DEE24142980CC0600E4BB46 /* CityReportsUITests.xctest */;
			productType = "com.apple.product-type.bundle.ui-testing";
		};
/* End PBXNativeTarget section */

/* Begin PBXProject section */
		5DEE23F22980CC0500E4BB46 /* Project object */ = {
			isa = PBXProject;
			attributes = {
				BuildIndependentTargetsInParallel = 1;
				LastSwiftUpdateCheck = 1420;
				LastUpgradeCheck = 1420;
				TargetAttributes = {
					5DEE23F92980CC0500E4BB46 = {
						CreatedOnToolsVersion = 14.2;
					};
					5DEE24092980CC0600E4BB46 = {
						CreatedOnToolsVersion = 14.2;
						TestTargetID = 5DEE23F92980CC0500E4BB46;
					};
					5DEE24132980CC0600E4BB46 = {
						CreatedOnToolsVersion = 14.2;
						TestTargetID = 5DEE23F92980CC0500E4BB46;
					};
				};
			};
			buildConfigurationList = 5DEE23F52980CC0500E4BB46 /* Build configuration list for PBXProject "CityReports" */;
			compatibilityVersion = "Xcode 14.0";
			developmentRegion = en;
			hasScannedForEncodings = 0;
			knownRegions = (
				en,
				Base,
			);
			mainGroup = 5DEE23F12980CC0500E4BB46;
			productRefGroup = 5DEE23FB2980CC0500E4BB46 /* Products */;
			projectDirPath = "";
			projectRoot = "";
			targets = (
				5DEE23F92980CC0500E4BB46 /* CityReports */,
				5DEE24092980CC0600E4BB46 /* CityReportsTests */,
				5DEE24132980CC0600E4BB46 /* CityReportsUITests */,
			);
		};
/* End PBXProject section */

/* Begin PBXResourcesBuildPhase section */
		5DEE23F82980CC0500E4BB46 /* Resources */ = {
			isa = PBXResourcesBuildPhase;
			buildActionMask = 2147483647;
			files = (
				5DEE24052980CC0600E4BB46 /* Preview Assets.xcassets in Resources */,
				5DEE24022980CC0600E4BB46 /* Assets.xcassets in Resources */,
			);
			runOnlyForDeploymentPostprocessing = 0;
		};
		5DEE24082980CC0600E4BB46 /* Resources */ = {
			isa = PBXResourcesBuildPhase;
			buildActionMask = 2147483647;
			files = (
			);
			runOnlyForDeploymentPostprocessing = 0;
		};
		5DEE24122980CC0600E4BB46 /* Resources */ = {
			isa = PBXResourcesBuildPhase;
			buildActionMask = 2147483647;
			files = (
			);
			runOnlyForDeploymentPostprocessing = 0;
		};
/* End PBXResourcesBuildPhase section */

/* Begin PBXSourcesBuildPhase section */
		5DEE23F62980CC0500E4BB46 /* Sources */ = {
			isa = PBXSourcesBuildPhase;
			buildActionMask = 2147483647;
			files = (
				5DEE24002980CC0500E4BB46 /* ContentView.swift in Sources */,
				5DEE23FE2980CC0500E4BB46 /* CityReportsApp.swift in Sources */,
			);
			runOnlyForDeploymentPostprocessing = 0;
		};
		5DEE24062980CC0600E4BB46 /* Sources */ = {
			isa = PBXSourcesBuildPhase;
			buildActionMask = 2147483647;
			files = (
				5DEE240F2980CC0600E4BB46 /* CityReportsTests.swift in Sources */,
			);
			runOnlyForDeploymentPostprocessing = 0;
		};
		5DEE24102980CC0600E4BB46 /* Sources */ = {
			isa = PBXSourcesBuildPhase;
			buildActionMask = 2147483647;
			files = (
				5DEE24192980CC0600E4BB46 /* CityReportsUITests.swift in Sources */,
				5DEE241B2980CC0600E4BB46 /* CityReportsUITestsLaunchTests.swift in Sources */,
			);
			runOnlyForDeploymentPostprocessing = 0;
		};
/* End PBXSourcesBuildPhase section */

/* Begin PBXTargetDependency section */
		5DEE240C2980CC0600E4BB46 /* PBXTargetDependency */ = {
			isa = PBXTargetDependency;
			target = 5DEE23F92980CC0500E4BB46 /* CityReports */;
			targetProxy = 5DEE240B2980CC0600E4BB46 /* PBXContainerItemProxy */;
		};
		5DEE24162980CC0600E4BB46 /* PBXTargetDependency */ = {
			isa = PBXTargetDependency;
			target = 5DEE23F92980CC0500E4BB46 /* CityReports */;
			targetProxy = 5DEE24152980CC0600E4BB46 /* PBXContainerItemProxy */;
		};
/* End PBXTargetDependency section */

/* Begin XCBuildConfiguration section */
		5DEE241C2980CC0600E4BB46 /* Debug */ = {
			isa = XCBuildConfiguration;
			buildSettings = {
				ALWAYS_SEARCH_USER_PATHS = NO;
				CLANG_ANALYZER_NONNULL = YES;
				CLANG_ANALYZER_NUMBER_OBJECT_CONVERSION = YES_AGGRESSIVE;
				CLANG_CXX_LANGUAGE_STANDARD = "gnu++20";
				CLANG_ENABLE_MODULES = YES;
				CLANG_ENABLE_OBJC_ARC = YES;
				CLANG_ENABLE_OBJC_WEAK = YES;
				CLANG_WARN_BLOCK_CAPTURE_AUTORELEASING = YES;
				CLANG_WARN_BOOL_CONVERSION = YES;
				CLANG_WARN_COMMA = YES;
				CLANG_WARN_CONSTANT_CONVERSION = YES;
				CLANG_WARN_DEPRECATED_OBJC_IMPLEMENTATIONS = YES;
				CLANG_WARN_DIRECT_OBJC_ISA_USAGE = YES_ERROR;
				CLANG_WARN_DOCUMENTATION_COMMENTS = YES;
				CLANG_WARN_EMPTY_BODY = YES;
				CLANG_WARN_ENUM_CONVERSION = YES;
				CLANG_WARN_INFINITE_RECURSION = YES;
				CLANG_WARN_INT_CONVERSION = YES;
				CLANG_WARN_NON_LITERAL_NULL_CONVERSION = YES;
				CLANG_WARN_OBJC_IMPLICIT_RETAIN_SELF = YES;
				CLANG_WARN_OBJC_LITERAL_CONVERSION = YES;
				CLANG_WARN_OBJC_ROOT_CLASS = YES_ERROR;
				CLANG_WARN_QUOTED_INCLUDE_IN_FRAMEWORK_HEADER = YES;
				CLANG_WARN_RANGE_LOOP_ANALYSIS = YES;
				CLANG_WARN_STRICT_PROTOTYPES = YES;
				CLANG_WARN_SUSPICIOUS_MOVE = YES;
				CLANG_WARN_UNGUARDED_AVAILABILITY = YES_AGGRESSIVE;
				CLANG_WARN_UNREACHABLE_CODE = YES;
				CLANG_WARN__DUPLICATE_METHOD_MATCH = YES;
				COPY_PHASE_STRIP = NO;
				DEBUG_INFORMATION_FORMAT = dwarf;
				ENABLE_STRICT_OBJC_MSGSEND = YES;
				ENABLE_TESTABILITY = YES;
				GCC_C_LANGUAGE_STANDARD = gnu11;
				GCC_DYNAMIC_NO_PIC = NO;
				GCC_NO_COMMON_BLOCKS = YES;
				GCC_OPTIMIZATION_LEVEL = 0;
				GCC_PREPROCESSOR_DEFINITIONS = (
					"DEBUG=1",
					"$(inherited)",
				);
				GCC_WARN_64_TO_32_BIT_CONVERSION = YES;
				GCC_WARN_ABOUT_RETURN_TYPE = YES_ERROR;
				GCC_WARN_UNDECLARED_SELECTOR = YES;
				GCC_WARN_UNINITIALIZED_AUTOS = YES_AGGRESSIVE;
				GCC_WARN_UNUSED_FUNCTION = YES;
				GCC_WARN_UNUSED_VARIABLE = YES;
				IPHONEOS_DEPLOYMENT_TARGET = 16.2;
				MTL_ENABLE_DEBUG_INFO = INCLUDE_SOURCE;
				MTL_FAST_MATH = YES;
				ONLY_ACTIVE_ARCH = YES;
				SDKROOT = iphoneos;
				SWIFT_ACTIVE_COMPILATION_CONDITIONS = DEBUG;
				SWIFT_OPTIMIZATION_LEVEL = "-Onone";
			};
			name = Debug;
		};
		5DEE241D2980CC0600E4BB46 /* Release */ = {
			isa = XCBuildConfiguration;
			buildSettings = {
				ALWAYS_SEARCH_USER_PATHS = NO;
				CLANG_ANALYZER_NONNULL = YES;
				CLANG_ANALYZER_NUMBER_OBJECT_CONVERSION = YES_AGGRESSIVE;
				CLANG_CXX_LANGUAGE_STANDARD = "gnu++20";
				CLANG_ENABLE_MODULES = YES;
				CLANG_ENABLE_OBJC_ARC = YES;
				CLANG_ENABLE_OBJC_WEAK = YES;
				CLANG_WARN_BLOCK_CAPTURE_AUTORELEASING = YES;
				CLANG_WARN_BOOL_CONVERSION = YES;
				CLANG_WARN_COMMA = YES;
				CLANG_WARN_CONSTANT_CONVERSION = YES;
				CLANG_WARN_DEPRECATED_OBJC_IMPLEMENTATIONS = YES;
				CLANG_WARN_DIRECT_OBJC_ISA_USAGE = YES_ERROR;
				CLANG_WARN_DOCUMENTATION_COMMENTS = YES;
				CLANG_WARN_EMPTY_BODY = YES;
				CLANG_WARN_ENUM_CONVERSION = YES;
				CLANG_WARN_INFINITE_RECURSION = YES;
				CLANG_WARN_INT_CONVERSION = YES;
				CLANG_WARN_NON_LITERAL_NULL_CONVERSION = YES;
				CLANG_WARN_OBJC_IMPLICIT_RETAIN_SELF = YES;
				CLANG_WARN_OBJC_LITERAL_CONVERSION = YES;
				CLANG_WARN_OBJC_ROOT_CLASS = YES_ERROR;
				CLANG_WARN_QUOTED_INCLUDE_IN_FRAMEWORK_HEADER = YES;
				CLANG_WARN_RANGE_LOOP_ANALYSIS = YES;
				CLANG_WARN_STRICT_PROTOTYPES = YES;
				CLANG_WARN_SUSPICIOUS_MOVE = YES;
				CLANG_WARN_UNGUARDED_AVAILABILITY = YES_AGGRESSIVE;
				CLANG_WARN_UNREACHABLE_CODE = YES;
				CLANG_WARN__DUPLICATE_METHOD_MATCH = YES;
				COPY_PHASE_STRIP = NO;
				DEBUG_INFORMATION_FORMAT = "dwarf-with-dsym";
				ENABLE_NS_ASSERTIONS = NO;
				ENABLE_STRICT_OBJC_MSGSEND = YES;
				GCC_C_LANGUAGE_STANDARD = gnu11;
				GCC_NO_COMMON_BLOCKS = YES;
				GCC_WARN_64_TO_32_BIT_CONVERSION = YES;
				GCC_WARN_ABOUT_RETURN_TYPE = YES_ERROR;
				GCC_WARN_UNDECLARED_SELECTOR = YES;
				GCC_WARN_UNINITIALIZED_AUTOS = YES_AGGRESSIVE;
				GCC_WARN_UNUSED_FUNCTION = YES;
				GCC_WARN_UNUSED_VARIABLE = YES;
				IPHONEOS_DEPLOYMENT_TARGET = 16.2;
				MTL_ENABLE_DEBUG_INFO = NO;
				MTL_FAST_MATH = YES;
				SDKROOT = iphoneos;
				SWIFT_COMPILATION_MODE = wholemodule;
				SWIFT_OPTIMIZATION_LEVEL = "-O";
				VALIDATE_PRODUCT = YES;
			};
			name = Release;
		};
		5DEE241F2980CC0600E4BB46 /* Debug */ = {
			isa = XCBuildConfiguration;
			buildSettings = {
				ASSETCATALOG_COMPILER_APPICON_NAME = AppIcon;
				ASSETCATALOG_COMPILER_GLOBAL_ACCENT_COLOR_NAME = AccentColor;
				CODE_SIGN_STYLE = Automatic;
				CURRENT_PROJECT_VERSION = 1;
				DEVELOPMENT_ASSET_PATHS = "\"CityReports/Preview Content\"";
				ENABLE_PREVIEWS = YES;
				GENERATE_INFOPLIST_FILE = YES;
				INFOPLIST_KEY_UIApplicationSceneManifest_Generation = YES;
				INFOPLIST_KEY_UIApplicationSupportsIndirectInputEvents = YES;
				INFOPLIST_KEY_UILaunchScreen_Generation = YES;
				INFOPLIST_KEY_UISupportedInterfaceOrientations_iPad = "UIInterfaceOrientationPortrait UIInterfaceOrientationPortraitUpsideDown UIInterfaceOrientationLandscapeLeft UIInterfaceOrientationLandscapeRight";
				INFOPLIST_KEY_UISupportedInterfaceOrientations_iPhone = "UIInterfaceOrientationPortrait UIInterfaceOrientationLandscapeLeft UIInterfaceOrientationLandscapeRight";
				LD_RUNPATH_SEARCH_PATHS = (
					"$(inherited)",
					"@executable_path/Frameworks",
				);
				MARKETING_VERSION = 1.0;
				PRODUCT_BUNDLE_IDENTIFIER = Carrollton.CityReports;
				PRODUCT_NAME = "$(TARGET_NAME)";
				SWIFT_EMIT_LOC_STRINGS = YES;
				SWIFT_VERSION = 5.0;
				TARGETED_DEVICE_FAMILY = "1,2";
			};
			name = Debug;
		};
		5DEE24202980CC0600E4BB46 /* Release */ = {
			isa = XCBuildConfiguration;
			buildSettings = {
				ASSETCATALOG_COMPILER_APPICON_NAME = AppIcon;
				ASSETCATALOG_COMPILER_GLOBAL_ACCENT_COLOR_NAME = AccentColor;
				CODE_SIGN_STYLE = Automatic;
				CURRENT_PROJECT_VERSION = 1;
				DEVELOPMENT_ASSET_PATHS = "\"CityReports/Preview Content\"";
				ENABLE_PREVIEWS = YES;
				GENERATE_INFOPLIST_FILE = YES;
				INFOPLIST_KEY_UIApplicationSceneManifest_Generation = YES;
				INFOPLIST_KEY_UIApplicationSupportsIndirectInputEvents = YES;
				INFOPLIST_KEY_UILaunchScreen_Generation = YES;
				INFOPLIST_KEY_UISupportedInterfaceOrientations_iPad = "UIInterfaceOrientationPortrait UIInterfaceOrientationPortraitUpsideDown UIInterfaceOrientationLandscapeLeft UIInterfaceOrientationLandscapeRight";
				INFOPLIST_KEY_UISupportedInterfaceOrientations_iPhone = "UIInterfaceOrientationPortrait UIInterfaceOrientationLandscapeLeft UIInterfaceOrientationLandscapeRight";
				LD_RUNPATH_SEARCH_PATHS = (
					"$(inherited)",
					"@executable_path/Frameworks",
				);
				MARKETING_VERSION = 1.0;
				PRODUCT_BUNDLE_IDENTIFIER = Carrollton.CityReports;
				PRODUCT_NAME = "$(TARGET_NAME)";
				SWIFT_EMIT_LOC_STRINGS = YES;
				SWIFT_VERSION = 5.0;
				TARGETED_DEVICE_FAMILY = "1,2";
			};
			name = Release;
		};
		5DEE24222980CC0600E4BB46 /* Debug */ = {
			isa = XCBuildConfiguration;
			buildSettings = {
				ALWAYS_EMBED_SWIFT_STANDARD_LIBRARIES = YES;
				BUNDLE_LOADER = "$(TEST_HOST)";
				CODE_SIGN_STYLE = Automatic;
				CURRENT_PROJECT_VERSION = 1;
				GENERATE_INFOPLIST_FILE = YES;
				IPHONEOS_DEPLOYMENT_TARGET = 16.2;
				MARKETING_VERSION = 1.0;
				PRODUCT_BUNDLE_IDENTIFIER = Carrollton.CityReportsTests;
				PRODUCT_NAME = "$(TARGET_NAME)";
				SWIFT_EMIT_LOC_STRINGS = NO;
				SWIFT_VERSION = 5.0;
				TARGETED_DEVICE_FAMILY = "1,2";
				TEST_HOST = "$(BUILT_PRODUCTS_DIR)/CityReports.app/$(BUNDLE_EXECUTABLE_FOLDER_PATH)/CityReports";
			};
			name = Debug;
		};
		5DEE24232980CC0600E4BB46 /* Release */ = {
			isa = XCBuildConfiguration;
			buildSettings = {
				ALWAYS_EMBED_SWIFT_STANDARD_LIBRARIES = YES;
				BUNDLE_LOADER = "$(TEST_HOST)";
				CODE_SIGN_STYLE = Automatic;
				CURRENT_PROJECT_VERSION = 1;
				GENERATE_INFOPLIST_FILE = YES;
				IPHONEOS_DEPLOYMENT_TARGET = 16.2;
				MARKETING_VERSION = 1.0;
				PRODUCT_BUNDLE_IDENTIFIER = Carrollton.CityReportsTests;
				PRODUCT_NAME = "$(TARGET_NAME)";
				SWIFT_EMIT_LOC_STRINGS = NO;
				SWIFT_VERSION = 5.0;
				TARGETED_DEVICE_FAMILY = "1,2";
				TEST_HOST = "$(BUILT_PRODUCTS_DIR)/CityReports.app/$(BUNDLE_EXECUTABLE_FOLDER_PATH)/CityReports";
			};
			name = Release;
		};
		5DEE24252980CC0600E4BB46 /* Debug */ = {
			isa = XCBuildConfiguration;
			buildSettings = {
				ALWAYS_EMBED_SWIFT_STANDARD_LIBRARIES = YES;
				CODE_SIGN_STYLE = Automatic;
				CURRENT_PROJECT_VERSION = 1;
				GENERATE_INFOPLIST_FILE = YES;
				MARKETING_VERSION = 1.0;
				PRODUCT_BUNDLE_IDENTIFIER = Carrollton.CityReportsUITests;
				PRODUCT_NAME = "$(TARGET_NAME)";
				SWIFT_EMIT_LOC_STRINGS = NO;
				SWIFT_VERSION = 5.0;
				TARGETED_DEVICE_FAMILY = "1,2";
				TEST_TARGET_NAME = CityReports;
			};
			name = Debug;
		};
		5DEE24262980CC0600E4BB46 /* Release */ = {
			isa = XCBuildConfiguration;
			buildSettings = {
				ALWAYS_EMBED_SWIFT_STANDARD_LIBRARIES = YES;
				CODE_SIGN_STYLE = Automatic;
				CURRENT_PROJECT_VERSION = 1;
				GENERATE_INFOPLIST_FILE = YES;
				MARKETING_VERSION = 1.0;
				PRODUCT_BUNDLE_IDENTIFIER = Carrollton.CityReportsUITests;
				PRODUCT_NAME = "$(TARGET_NAME)";
				SWIFT_EMIT_LOC_STRINGS = NO;
				SWIFT_VERSION = 5.0;
				TARGETED_DEVICE_FAMILY = "1,2";
				TEST_TARGET_NAME = CityReports;
			};
			name = Release;
		};
/* End XCBuildConfiguration section */

/* Begin XCConfigurationList section */
		5DEE23F52980CC0500E4BB46 /* Build configuration list for PBXProject "CityReports" */ = {
			isa = XCConfigurationList;
			buildConfigurations = (
				5DEE241C2980CC0600E4BB46 /* Debug */,
				5DEE241D2980CC0600E4BB46 /* Release */,
			);
			defaultConfigurationIsVisible = 0;
			defaultConfigurationName = Release;
		};
		5DEE241E2980CC0600E4BB46 /* Build configuration list for PBXNativeTarget "CityReports" */ = {
			isa = XCConfigurationList;
			buildConfigurations = (
				5DEE241F2980CC0600E4BB46 /* Debug */,
				5DEE24202980CC0600E4BB46 /* Release */,
			);
			defaultConfigurationIsVisible = 0;
			defaultConfigurationName = Release;
		};
		5DEE24212980CC0600E4BB46 /* Build configuration list for PBXNativeTarget "CityReportsTests" */ = {
			isa = XCConfigurationList;
			buildConfigurations = (
				5DEE24222980CC0600E4BB46 /* Debug */,
				5DEE24232980CC0600E4BB46 /* Release */,
			);
			defaultConfigurationIsVisible = 0;
			defaultConfigurationName = Release;
		};
		5DEE24242980CC0600E4BB46 /* Build configuration list for PBXNativeTarget "CityReportsUITests" */ = {
			isa = XCConfigurationList;
			buildConfigurations = (
				5DEE24252980CC0600E4BB46 /* Debug */,
				5DEE24262980CC0600E4BB46 /* Release */,
			);
			defaultConfigurationIsVisible = 0;
			defaultConfigurationName = Release;
		};
/* End XCConfigurationList section */
	};
	rootObject = 5DEE23F22980CC0500E4BB46 /* Project object */;
}
